{
  "name": "@bieb/box",
  "version": "1.0.0-alpha.0",
  "lockfileVersion": 1,
  "requires": true,
  "dependencies": {
    "@bieb/vector": {
      "version": "0.0.0",
      "requires": {
        "@bieb/core": "^0.0.0"
      },
      "dependencies": {
        "@bieb/core": {
          "version": "0.0.0"
        }
      }
    }
  }
}
